// !$*UTF8*$!
{
	archiveVersion = 1;
	classes = {
	};
	objectVersion = 46;
	objects = {

/* Begin PBXBuildFile section */
		5C4802121E77A3110041153F /* StatusItemManange.swift in Sources */ = {isa = PBXBuildFile; fileRef = 5C4802111E77A3110041153F /* StatusItemManange.swift */; };
		5CF522EE1E76D077006B599E /* DDHotKeyCenter.m in Sources */ = {isa = PBXBuildFile; fileRef = 5CF522E91E76D077006B599E /* DDHotKeyCenter.m */; };
		5CF522EF1E76D077006B599E /* DDHotKeyTextField.m in Sources */ = {isa = PBXBuildFile; fileRef = 5CF522EB1E76D077006B599E /* DDHotKeyTextField.m */; };
		5CF522F01E76D077006B599E /* DDHotKeyUtilities.m in Sources */ = {isa = PBXBuildFile; fileRef = 5CF522ED1E76D077006B599E /* DDHotKeyUtilities.m */; };
		5CF522F31E76D0E9006B599E /* AppKit.framework in Frameworks */ = {isa = PBXBuildFile; fileRef = 5CF522F11E76D0DB006B599E /* AppKit.framework */; };
		5CF522F41E76D0F1006B599E /* AppKit.framework in Frameworks */ = {isa = PBXBuildFile; fileRef = 5CF522F11E76D0DB006B599E /* AppKit.framework */; };
		5CF522F51E76D0F1006B599E /* AppKit.framework in Embed Frameworks */ = {isa = PBXBuildFile; fileRef = 5CF522F11E76D0DB006B599E /* AppKit.framework */; settings = {ATTRIBUTES = (CodeSignOnCopy, RemoveHeadersOnCopy, ); }; };
		BCD218B1A49BF591E14D7279 /* Pods_SwiftQR.framework in Frameworks */ = {isa = PBXBuildFile; fileRef = A3094AAEF794A3C7E4E9345E /* Pods_SwiftQR.framework */; };
		D42B54D31E72CFD500D157AE /* bitstream.c in Sources */ = {isa = PBXBuildFile; fileRef = D42B54C31E72CFD500D157AE /* bitstream.c */; };
		D42B54D41E72CFD500D157AE /* mask.c in Sources */ = {isa = PBXBuildFile; fileRef = D42B54C51E72CFD500D157AE /* mask.c */; };
		D42B54D51E72CFD500D157AE /* qrencode.c in Sources */ = {isa = PBXBuildFile; fileRef = D42B54C71E72CFD500D157AE /* qrencode.c */; };
		D42B54D61E72CFD500D157AE /* qrinput.c in Sources */ = {isa = PBXBuildFile; fileRef = D42B54C91E72CFD500D157AE /* qrinput.c */; };
		D42B54D71E72CFD500D157AE /* qrspec.c in Sources */ = {isa = PBXBuildFile; fileRef = D42B54CB1E72CFD500D157AE /* qrspec.c */; };
		D42B54D81E72CFD500D157AE /* rscode.c in Sources */ = {isa = PBXBuildFile; fileRef = D42B54CD1E72CFD500D157AE /* rscode.c */; };
		D42B54D91E72CFD500D157AE /* split.c in Sources */ = {isa = PBXBuildFile; fileRef = D42B54CF1E72CFD500D157AE /* split.c */; };
		D42B54DA1E72CFD500D157AE /* NSImage+MDQRCode.m in Sources */ = {isa = PBXBuildFile; fileRef = D42B54D21E72CFD500D157AE /* NSImage+MDQRCode.m */; };
		D42B54E01E72D28200D157AE /* StatusMainViewController.swift in Sources */ = {isa = PBXBuildFile; fileRef = D42B54DF1E72D28200D157AE /* StatusMainViewController.swift */; };
		D42B54E41E742D4700D157AE /* QRHistoricalCell.swift in Sources */ = {isa = PBXBuildFile; fileRef = D42B54E31E742D4700D157AE /* QRHistoricalCell.swift */; };
		D42B54E61E742D6300D157AE /* QRHistoricalCell.xib in Resources */ = {isa = PBXBuildFile; fileRef = D42B54E51E742D6300D157AE /* QRHistoricalCell.xib */; };
		D45C46791E7D608500B3FB3A /* SettingWindowController.swift in Sources */ = {isa = PBXBuildFile; fileRef = D45C46781E7D608500B3FB3A /* SettingWindowController.swift */; };
		D45C467B1E7D6D8600B3FB3A /* Setting.storyboard in Resources */ = {isa = PBXBuildFile; fileRef = D45C467A1E7D6D8600B3FB3A /* Setting.storyboard */; };
		D45C467D1E7D713A00B3FB3A /* SettingViewController.swift in Sources */ = {isa = PBXBuildFile; fileRef = D45C467C1E7D713A00B3FB3A /* SettingViewController.swift */; };
		D45C46861E7D858900B3FB3A /* HotKeyCenter.swift in Sources */ = {isa = PBXBuildFile; fileRef = D45C46851E7D858900B3FB3A /* HotKeyCenter.swift */; };
		D4C1793C1E72CE5D007419B9 /* AppDelegate.swift in Sources */ = {isa = PBXBuildFile; fileRef = D4C1793B1E72CE5D007419B9 /* AppDelegate.swift */; };
		D4C179401E72CE5D007419B9 /* Assets.xcassets in Resources */ = {isa = PBXBuildFile; fileRef = D4C1793F1E72CE5D007419B9 /* Assets.xcassets */; };
		D4C179431E72CE5D007419B9 /* Main.storyboard in Resources */ = {isa = PBXBuildFile; fileRef = D4C179411E72CE5D007419B9 /* Main.storyboard */; };
		D4C4E70B1E7ADC8C00D37F58 /* KeyCodeParse.swift in Sources */ = {isa = PBXBuildFile; fileRef = D4C4E70A1E7ADC8C00D37F58 /* KeyCodeParse.swift */; };
/* End PBXBuildFile section */

/* Begin PBXCopyFilesBuildPhase section */
		5CF522F61E76D0F2006B599E /* Embed Frameworks */ = {
			isa = PBXCopyFilesBuildPhase;
			buildActionMask = 2147483647;
			dstPath = "";
			dstSubfolderSpec = 10;
			files = (
				5CF522F51E76D0F1006B599E /* AppKit.framework in Embed Frameworks */,
			);
			name = "Embed Frameworks";
			runOnlyForDeploymentPostprocessing = 0;
		};
/* End PBXCopyFilesBuildPhase section */

/* Begin PBXFileReference section */
		063FD078CDB64F20CA46464A /* Pods-SwiftQR.release.xcconfig */ = {isa = PBXFileReference; includeInIndex = 1; lastKnownFileType = text.xcconfig; name = "Pods-SwiftQR.release.xcconfig"; path = "Pods/Target Support Files/Pods-SwiftQR/Pods-SwiftQR.release.xcconfig"; sourceTree = "<group>"; };
		57A9BB018F735630B55CBCCB /* Pods-SwiftQR.debug.xcconfig */ = {isa = PBXFileReference; includeInIndex = 1; lastKnownFileType = text.xcconfig; name = "Pods-SwiftQR.debug.xcconfig"; path = "Pods/Target Support Files/Pods-SwiftQR/Pods-SwiftQR.debug.xcconfig"; sourceTree = "<group>"; };
		5C4802111E77A3110041153F /* StatusItemManange.swift */ = {isa = PBXFileReference; fileEncoding = 4; lastKnownFileType = sourcecode.swift; path = StatusItemManange.swift; sourceTree = "<group>"; };
		5CF522E81E76D077006B599E /* DDHotKeyCenter.h */ = {isa = PBXFileReference; fileEncoding = 4; lastKnownFileType = sourcecode.c.h; path = DDHotKeyCenter.h; sourceTree = "<group>"; };
		5CF522E91E76D077006B599E /* DDHotKeyCenter.m */ = {isa = PBXFileReference; fileEncoding = 4; lastKnownFileType = sourcecode.c.objc; path = DDHotKeyCenter.m; sourceTree = "<group>"; };
		5CF522EA1E76D077006B599E /* DDHotKeyTextField.h */ = {isa = PBXFileReference; fileEncoding = 4; lastKnownFileType = sourcecode.c.h; path = DDHotKeyTextField.h; sourceTree = "<group>"; };
		5CF522EB1E76D077006B599E /* DDHotKeyTextField.m */ = {isa = PBXFileReference; fileEncoding = 4; lastKnownFileType = sourcecode.c.objc; path = DDHotKeyTextField.m; sourceTree = "<group>"; };
		5CF522EC1E76D077006B599E /* DDHotKeyUtilities.h */ = {isa = PBXFileReference; fileEncoding = 4; lastKnownFileType = sourcecode.c.h; path = DDHotKeyUtilities.h; sourceTree = "<group>"; };
		5CF522ED1E76D077006B599E /* DDHotKeyUtilities.m */ = {isa = PBXFileReference; fileEncoding = 4; lastKnownFileType = sourcecode.c.objc; path = DDHotKeyUtilities.m; sourceTree = "<group>"; };
		5CF522F11E76D0DB006B599E /* AppKit.framework */ = {isa = PBXFileReference; lastKnownFileType = wrapper.framework; name = AppKit.framework; path = System/Library/Frameworks/AppKit.framework; sourceTree = SDKROOT; };
		A3094AAEF794A3C7E4E9345E /* Pods_SwiftQR.framework */ = {isa = PBXFileReference; explicitFileType = wrapper.framework; includeInIndex = 0; path = Pods_SwiftQR.framework; sourceTree = BUILT_PRODUCTS_DIR; };
		D42B54C31E72CFD500D157AE /* bitstream.c */ = {isa = PBXFileReference; fileEncoding = 4; lastKnownFileType = sourcecode.c.c; path = bitstream.c; sourceTree = "<group>"; };
		D42B54C41E72CFD500D157AE /* bitstream.h */ = {isa = PBXFileReference; fileEncoding = 4; lastKnownFileType = sourcecode.c.h; path = bitstream.h; sourceTree = "<group>"; };
		D42B54C51E72CFD500D157AE /* mask.c */ = {isa = PBXFileReference; fileEncoding = 4; lastKnownFileType = sourcecode.c.c; path = mask.c; sourceTree = "<group>"; };
		D42B54C61E72CFD500D157AE /* mask.h */ = {isa = PBXFileReference; fileEncoding = 4; lastKnownFileType = sourcecode.c.h; path = mask.h; sourceTree = "<group>"; };
		D42B54C71E72CFD500D157AE /* qrencode.c */ = {isa = PBXFileReference; fileEncoding = 4; lastKnownFileType = sourcecode.c.c; path = qrencode.c; sourceTree = "<group>"; };
		D42B54C81E72CFD500D157AE /* qrencode.h */ = {isa = PBXFileReference; fileEncoding = 4; lastKnownFileType = sourcecode.c.h; path = qrencode.h; sourceTree = "<group>"; };
		D42B54C91E72CFD500D157AE /* qrinput.c */ = {isa = PBXFileReference; fileEncoding = 4; lastKnownFileType = sourcecode.c.c; path = qrinput.c; sourceTree = "<group>"; };
		D42B54CA1E72CFD500D157AE /* qrinput.h */ = {isa = PBXFileReference; fileEncoding = 4; lastKnownFileType = sourcecode.c.h; path = qrinput.h; sourceTree = "<group>"; };
		D42B54CB1E72CFD500D157AE /* qrspec.c */ = {isa = PBXFileReference; fileEncoding = 4; lastKnownFileType = sourcecode.c.c; path = qrspec.c; sourceTree = "<group>"; };
		D42B54CC1E72CFD500D157AE /* qrspec.h */ = {isa = PBXFileReference; fileEncoding = 4; lastKnownFileType = sourcecode.c.h; path = qrspec.h; sourceTree = "<group>"; };
		D42B54CD1E72CFD500D157AE /* rscode.c */ = {isa = PBXFileReference; fileEncoding = 4; lastKnownFileType = sourcecode.c.c; path = rscode.c; sourceTree = "<group>"; };
		D42B54CE1E72CFD500D157AE /* rscode.h */ = {isa = PBXFileReference; fileEncoding = 4; lastKnownFileType = sourcecode.c.h; path = rscode.h; sourceTree = "<group>"; };
		D42B54CF1E72CFD500D157AE /* split.c */ = {isa = PBXFileReference; fileEncoding = 4; lastKnownFileType = sourcecode.c.c; path = split.c; sourceTree = "<group>"; };
		D42B54D01E72CFD500D157AE /* split.h */ = {isa = PBXFileReference; fileEncoding = 4; lastKnownFileType = sourcecode.c.h; path = split.h; sourceTree = "<group>"; };
		D42B54D11E72CFD500D157AE /* NSImage+MDQRCode.h */ = {isa = PBXFileReference; fileEncoding = 4; lastKnownFileType = sourcecode.c.h; path = "NSImage+MDQRCode.h"; sourceTree = "<group>"; };
		D42B54D21E72CFD500D157AE /* NSImage+MDQRCode.m */ = {isa = PBXFileReference; fileEncoding = 4; lastKnownFileType = sourcecode.c.objc; path = "NSImage+MDQRCode.m"; sourceTree = "<group>"; };
		D42B54DE1E72D04B00D157AE /* SwiftQR-Bridging-Header.h */ = {isa = PBXFileReference; fileEncoding = 4; lastKnownFileType = sourcecode.c.h; path = "SwiftQR-Bridging-Header.h"; sourceTree = "<group>"; };
		D42B54DF1E72D28200D157AE /* StatusMainViewController.swift */ = {isa = PBXFileReference; fileEncoding = 4; lastKnownFileType = sourcecode.swift; path = StatusMainViewController.swift; sourceTree = "<group>"; };
		D42B54E31E742D4700D157AE /* QRHistoricalCell.swift */ = {isa = PBXFileReference; fileEncoding = 4; lastKnownFileType = sourcecode.swift; path = QRHistoricalCell.swift; sourceTree = "<group>"; };
		D42B54E51E742D6300D157AE /* QRHistoricalCell.xib */ = {isa = PBXFileReference; fileEncoding = 4; lastKnownFileType = file.xib; path = QRHistoricalCell.xib; sourceTree = "<group>"; };
		D45C46781E7D608500B3FB3A /* SettingWindowController.swift */ = {isa = PBXFileReference; fileEncoding = 4; lastKnownFileType = sourcecode.swift; path = SettingWindowController.swift; sourceTree = "<group>"; };
		D45C467A1E7D6D8600B3FB3A /* Setting.storyboard */ = {isa = PBXFileReference; fileEncoding = 4; lastKnownFileType = file.storyboard; path = Setting.storyboard; sourceTree = "<group>"; };
		D45C467C1E7D713A00B3FB3A /* SettingViewController.swift */ = {isa = PBXFileReference; fileEncoding = 4; lastKnownFileType = sourcecode.swift; path = SettingViewController.swift; sourceTree = "<group>"; };
		D45C46851E7D858900B3FB3A /* HotKeyCenter.swift */ = {isa = PBXFileReference; fileEncoding = 4; lastKnownFileType = sourcecode.swift; path = HotKeyCenter.swift; sourceTree = "<group>"; };
		D4C179381E72CE5D007419B9 /* SwiftQR.app */ = {isa = PBXFileReference; explicitFileType = wrapper.application; includeInIndex = 0; path = SwiftQR.app; sourceTree = BUILT_PRODUCTS_DIR; };
		D4C1793B1E72CE5D007419B9 /* AppDelegate.swift */ = {isa = PBXFileReference; lastKnownFileType = sourcecode.swift; path = AppDelegate.swift; sourceTree = "<group>"; };
		D4C1793F1E72CE5D007419B9 /* Assets.xcassets */ = {isa = PBXFileReference; lastKnownFileType = folder.assetcatalog; path = Assets.xcassets; sourceTree = "<group>"; };
		D4C179421E72CE5D007419B9 /* Base */ = {isa = PBXFileReference; lastKnownFileType = file.storyboard; name = Base; path = Base.lproj/Main.storyboard; sourceTree = "<group>"; };
		D4C179441E72CE5D007419B9 /* Info.plist */ = {isa = PBXFileReference; lastKnownFileType = text.plist.xml; path = Info.plist; sourceTree = "<group>"; };
		D4C4E70A1E7ADC8C00D37F58 /* KeyCodeParse.swift */ = {isa = PBXFileReference; fileEncoding = 4; lastKnownFileType = sourcecode.swift; path = KeyCodeParse.swift; sourceTree = "<group>"; };
/* End PBXFileReference section */

/* Begin PBXFrameworksBuildPhase section */
		D4C179351E72CE5D007419B9 /* Frameworks */ = {
			isa = PBXFrameworksBuildPhase;
			buildActionMask = 2147483647;
			files = (
				5CF522F41E76D0F1006B599E /* AppKit.framework in Frameworks */,
				5CF522F31E76D0E9006B599E /* AppKit.framework in Frameworks */,
				BCD218B1A49BF591E14D7279 /* Pods_SwiftQR.framework in Frameworks */,
			);
			runOnlyForDeploymentPostprocessing = 0;
		};
/* End PBXFrameworksBuildPhase section */

/* Begin PBXGroup section */
		5CF522E71E76D077006B599E /* DDHotKey */ = {
			isa = PBXGroup;
			children = (
				5CF522E81E76D077006B599E /* DDHotKeyCenter.h */,
				5CF522E91E76D077006B599E /* DDHotKeyCenter.m */,
				5CF522EA1E76D077006B599E /* DDHotKeyTextField.h */,
				5CF522EB1E76D077006B599E /* DDHotKeyTextField.m */,
				5CF522EC1E76D077006B599E /* DDHotKeyUtilities.h */,
				5CF522ED1E76D077006B599E /* DDHotKeyUtilities.m */,
			);
			path = DDHotKey;
			sourceTree = "<group>";
		};
		C5FD38BE5CBBB5091DECE105 /* Frameworks */ = {
			isa = PBXGroup;
			children = (
				5CF522F11E76D0DB006B599E /* AppKit.framework */,
				A3094AAEF794A3C7E4E9345E /* Pods_SwiftQR.framework */,
			);
			name = Frameworks;
			sourceTree = "<group>";
		};
		D42B54C01E72CFCA00D157AE /* Lib */ = {
			isa = PBXGroup;
			children = (
				D4C4E7091E7ADC8000D37F58 /* Extension */,
				5CF522E71E76D077006B599E /* DDHotKey */,
				D42B54C11E72CFD500D157AE /* QR */,
			);
			name = Lib;
			path = SwiftQR/Lib;
			sourceTree = "<group>";
		};
		D42B54C11E72CFD500D157AE /* QR */ = {
			isa = PBXGroup;
			children = (
				D42B54C21E72CFD500D157AE /* libqrencode */,
				D42B54D11E72CFD500D157AE /* NSImage+MDQRCode.h */,
				D42B54D21E72CFD500D157AE /* NSImage+MDQRCode.m */,
			);
			path = QR;
			sourceTree = "<group>";
		};
		D42B54C21E72CFD500D157AE /* libqrencode */ = {
			isa = PBXGroup;
			children = (
				D42B54C31E72CFD500D157AE /* bitstream.c */,
				D42B54C41E72CFD500D157AE /* bitstream.h */,
				D42B54C51E72CFD500D157AE /* mask.c */,
				D42B54C61E72CFD500D157AE /* mask.h */,
				D42B54C71E72CFD500D157AE /* qrencode.c */,
				D42B54C81E72CFD500D157AE /* qrencode.h */,
				D42B54C91E72CFD500D157AE /* qrinput.c */,
				D42B54CA1E72CFD500D157AE /* qrinput.h */,
				D42B54CB1E72CFD500D157AE /* qrspec.c */,
				D42B54CC1E72CFD500D157AE /* qrspec.h */,
				D42B54CD1E72CFD500D157AE /* rscode.c */,
				D42B54CE1E72CFD500D157AE /* rscode.h */,
				D42B54CF1E72CFD500D157AE /* split.c */,
				D42B54D01E72CFD500D157AE /* split.h */,
			);
			path = libqrencode;
			sourceTree = "<group>";
		};
		D4C1792F1E72CE5D007419B9 = {
			isa = PBXGroup;
			children = (
				D42B54C01E72CFCA00D157AE /* Lib */,
				D4C1793A1E72CE5D007419B9 /* SwiftQR */,
				D4C179391E72CE5D007419B9 /* Products */,
				FCEF8BA68AC5224A38B9CF74 /* Pods */,
				C5FD38BE5CBBB5091DECE105 /* Frameworks */,
			);
			sourceTree = "<group>";
		};
		D4C179391E72CE5D007419B9 /* Products */ = {
			isa = PBXGroup;
			children = (
				D4C179381E72CE5D007419B9 /* SwiftQR.app */,
			);
			name = Products;
			sourceTree = "<group>";
		};
		D4C1793A1E72CE5D007419B9 /* SwiftQR */ = {
			isa = PBXGroup;
			children = (
				D4C1793B1E72CE5D007419B9 /* AppDelegate.swift */,
				D45C467A1E7D6D8600B3FB3A /* Setting.storyboard */,
				D45C46781E7D608500B3FB3A /* SettingWindowController.swift */,
				D45C467C1E7D713A00B3FB3A /* SettingViewController.swift */,
				5C4802111E77A3110041153F /* StatusItemManange.swift */,
				D45C46851E7D858900B3FB3A /* HotKeyCenter.swift */,
				D42B54DF1E72D28200D157AE /* StatusMainViewController.swift */,
				D42B54E31E742D4700D157AE /* QRHistoricalCell.swift */,
				D42B54E51E742D6300D157AE /* QRHistoricalCell.xib */,
				D42B54DE1E72D04B00D157AE /* SwiftQR-Bridging-Header.h */,
				D4C1793F1E72CE5D007419B9 /* Assets.xcassets */,
				D4C179411E72CE5D007419B9 /* Main.storyboard */,
				D4C179441E72CE5D007419B9 /* Info.plist */,
			);
			path = SwiftQR;
			sourceTree = "<group>";
		};
		D4C4E7091E7ADC8000D37F58 /* Extension */ = {
			isa = PBXGroup;
			children = (
				D4C4E70A1E7ADC8C00D37F58 /* KeyCodeParse.swift */,
			);
			path = Extension;
			sourceTree = "<group>";
		};
		FCEF8BA68AC5224A38B9CF74 /* Pods */ = {
			isa = PBXGroup;
			children = (
				57A9BB018F735630B55CBCCB /* Pods-SwiftQR.debug.xcconfig */,
				063FD078CDB64F20CA46464A /* Pods-SwiftQR.release.xcconfig */,
			);
			name = Pods;
			sourceTree = "<group>";
		};
/* End PBXGroup section */

/* Begin PBXNativeTarget section */
		D4C179371E72CE5D007419B9 /* SwiftQR */ = {
			isa = PBXNativeTarget;
			buildConfigurationList = D4C179471E72CE5D007419B9 /* Build configuration list for PBXNativeTarget "SwiftQR" */;
			buildPhases = (
				4056CEAC9AF60FC9D47DA350 /* [CP] Check Pods Manifest.lock */,
				D4C179341E72CE5D007419B9 /* Sources */,
				D4C179351E72CE5D007419B9 /* Frameworks */,
				D4C179361E72CE5D007419B9 /* Resources */,
				775777F8987A25C5E2228F85 /* [CP] Embed Pods Frameworks */,
				562B49A43F321D60DFE91C4A /* [CP] Copy Pods Resources */,
				5CF522F61E76D0F2006B599E /* Embed Frameworks */,
			);
			buildRules = (
			);
			dependencies = (
			);
			name = SwiftQR;
			productName = SwiftQR;
			productReference = D4C179381E72CE5D007419B9 /* SwiftQR.app */;
			productType = "com.apple.product-type.application";
		};
/* End PBXNativeTarget section */

/* Begin PBXProject section */
		D4C179301E72CE5D007419B9 /* Project object */ = {
			isa = PBXProject;
			attributes = {
				LastSwiftUpdateCheck = 0820;
				LastUpgradeCheck = 0820;
				ORGANIZATIONNAME = "马权";
				TargetAttributes = {
					D4C179371E72CE5D007419B9 = {
						CreatedOnToolsVersion = 8.2.1;
						DevelopmentTeam = 47A7JUUJ9E;
						LastSwiftMigration = 0820;
						ProvisioningStyle = Automatic;
					};
				};
			};
			buildConfigurationList = D4C179331E72CE5D007419B9 /* Build configuration list for PBXProject "SwiftQR" */;
			compatibilityVersion = "Xcode 3.2";
			developmentRegion = English;
			hasScannedForEncodings = 0;
			knownRegions = (
				en,
				Base,
			);
			mainGroup = D4C1792F1E72CE5D007419B9;
			productRefGroup = D4C179391E72CE5D007419B9 /* Products */;
			projectDirPath = "";
			projectRoot = "";
			targets = (
				D4C179371E72CE5D007419B9 /* SwiftQR */,
			);
		};
/* End PBXProject section */

/* Begin PBXResourcesBuildPhase section */
		D4C179361E72CE5D007419B9 /* Resources */ = {
			isa = PBXResourcesBuildPhase;
			buildActionMask = 2147483647;
			files = (
				D42B54E61E742D6300D157AE /* QRHistoricalCell.xib in Resources */,
				D4C179401E72CE5D007419B9 /* Assets.xcassets in Resources */,
				D4C179431E72CE5D007419B9 /* Main.storyboard in Resources */,
				D45C467B1E7D6D8600B3FB3A /* Setting.storyboard in Resources */,
			);
			runOnlyForDeploymentPostprocessing = 0;
		};
/* End PBXResourcesBuildPhase section */

/* Begin PBXShellScriptBuildPhase section */
		4056CEAC9AF60FC9D47DA350 /* [CP] Check Pods Manifest.lock */ = {
			isa = PBXShellScriptBuildPhase;
			buildActionMask = 2147483647;
			files = (
			);
			inputPaths = (
			);
			name = "[CP] Check Pods Manifest.lock";
			outputPaths = (
			);
			runOnlyForDeploymentPostprocessing = 0;
			shellPath = /bin/sh;
			shellScript = "diff \"${PODS_ROOT}/../Podfile.lock\" \"${PODS_ROOT}/Manifest.lock\" > /dev/null\nif [ $? != 0 ] ; then\n    # print error to STDERR\n    echo \"error: The sandbox is not in sync with the Podfile.lock. Run 'pod install' or update your CocoaPods installation.\" >&2\n    exit 1\nfi\n";
			showEnvVarsInLog = 0;
		};
		562B49A43F321D60DFE91C4A /* [CP] Copy Pods Resources */ = {
			isa = PBXShellScriptBuildPhase;
			buildActionMask = 2147483647;
			files = (
			);
			inputPaths = (
			);
			name = "[CP] Copy Pods Resources";
			outputPaths = (
			);
			runOnlyForDeploymentPostprocessing = 0;
			shellPath = /bin/sh;
			shellScript = "\"${SRCROOT}/Pods/Target Support Files/Pods-SwiftQR/Pods-SwiftQR-resources.sh\"\n";
			showEnvVarsInLog = 0;
		};
		775777F8987A25C5E2228F85 /* [CP] Embed Pods Frameworks */ = {
			isa = PBXShellScriptBuildPhase;
			buildActionMask = 2147483647;
			files = (
			);
			inputPaths = (
			);
			name = "[CP] Embed Pods Frameworks";
			outputPaths = (
			);
			runOnlyForDeploymentPostprocessing = 0;
			shellPath = /bin/sh;
			shellScript = "\"${SRCROOT}/Pods/Target Support Files/Pods-SwiftQR/Pods-SwiftQR-frameworks.sh\"\n";
			showEnvVarsInLog = 0;
		};
/* End PBXShellScriptBuildPhase section */

/* Begin PBXSourcesBuildPhase section */
		D4C179341E72CE5D007419B9 /* Sources */ = {
			isa = PBXSourcesBuildPhase;
			buildActionMask = 2147483647;
			files = (
				D42B54D81E72CFD500D157AE /* rscode.c in Sources */,
				D42B54D31E72CFD500D157AE /* bitstream.c in Sources */,
				D45C46791E7D608500B3FB3A /* SettingWindowController.swift in Sources */,
				5CF522EF1E76D077006B599E /* DDHotKeyTextField.m in Sources */,
				D42B54D91E72CFD500D157AE /* split.c in Sources */,
				D42B54D51E72CFD500D157AE /* qrencode.c in Sources */,
				D4C4E70B1E7ADC8C00D37F58 /* KeyCodeParse.swift in Sources */,
				5CF522EE1E76D077006B599E /* DDHotKeyCenter.m in Sources */,
				5C4802121E77A3110041153F /* StatusItemManange.swift in Sources */,
				5CF522F01E76D077006B599E /* DDHotKeyUtilities.m in Sources */,
				D4C1793C1E72CE5D007419B9 /* AppDelegate.swift in Sources */,
				D45C46861E7D858900B3FB3A /* HotKeyCenter.swift in Sources */,
				D42B54DA1E72CFD500D157AE /* NSImage+MDQRCode.m in Sources */,
				D42B54D71E72CFD500D157AE /* qrspec.c in Sources */,
				D42B54D41E72CFD500D157AE /* mask.c in Sources */,
				D42B54D61E72CFD500D157AE /* qrinput.c in Sources */,
				D45C467D1E7D713A00B3FB3A /* SettingViewController.swift in Sources */,
				D42B54E41E742D4700D157AE /* QRHistoricalCell.swift in Sources */,
				D42B54E01E72D28200D157AE /* StatusMainViewController.swift in Sources */,
			);
			runOnlyForDeploymentPostprocessing = 0;
		};
/* End PBXSourcesBuildPhase section */

/* Begin PBXVariantGroup section */
		D4C179411E72CE5D007419B9 /* Main.storyboard */ = {
			isa = PBXVariantGroup;
			children = (
				D4C179421E72CE5D007419B9 /* Base */,
			);
			name = Main.storyboard;
			sourceTree = "<group>";
		};
/* End PBXVariantGroup section */

/* Begin XCBuildConfiguration section */
		D4C179451E72CE5D007419B9 /* Debug */ = {
			isa = XCBuildConfiguration;
			buildSettings = {
				ALWAYS_SEARCH_USER_PATHS = NO;
				CLANG_ANALYZER_NONNULL = YES;
				CLANG_CXX_LANGUAGE_STANDARD = "gnu++0x";
				CLANG_CXX_LIBRARY = "libc++";
				CLANG_ENABLE_MODULES = YES;
				CLANG_ENABLE_OBJC_ARC = YES;
				CLANG_WARN_BOOL_CONVERSION = YES;
				CLANG_WARN_CONSTANT_CONVERSION = YES;
				CLANG_WARN_DIRECT_OBJC_ISA_USAGE = YES_ERROR;
				CLANG_WARN_DOCUMENTATION_COMMENTS = YES;
				CLANG_WARN_EMPTY_BODY = YES;
				CLANG_WARN_ENUM_CONVERSION = YES;
				CLANG_WARN_INFINITE_RECURSION = YES;
				CLANG_WARN_INT_CONVERSION = YES;
				CLANG_WARN_OBJC_ROOT_CLASS = YES_ERROR;
				CLANG_WARN_SUSPICIOUS_MOVE = YES;
				CLANG_WARN_UNREACHABLE_CODE = YES;
				CLANG_WARN__DUPLICATE_METHOD_MATCH = YES;
				CODE_SIGN_IDENTITY = "-";
				COPY_PHASE_STRIP = NO;
				DEBUG_INFORMATION_FORMAT = dwarf;
				ENABLE_STRICT_OBJC_MSGSEND = YES;
				ENABLE_TESTABILITY = YES;
				GCC_C_LANGUAGE_STANDARD = gnu99;
				GCC_DYNAMIC_NO_PIC = NO;
				GCC_NO_COMMON_BLOCKS = YES;
				GCC_OPTIMIZATION_LEVEL = 0;
				GCC_PREPROCESSOR_DEFINITIONS = (
					"DEBUG=1",
					"$(inherited)",
				);
				GCC_WARN_64_TO_32_BIT_CONVERSION = YES;
				GCC_WARN_ABOUT_RETURN_TYPE = YES_ERROR;
				GCC_WARN_UNDECLARED_SELECTOR = YES;
				GCC_WARN_UNINITIALIZED_AUTOS = YES_AGGRESSIVE;
				GCC_WARN_UNUSED_FUNCTION = YES;
				GCC_WARN_UNUSED_VARIABLE = YES;
				MACOSX_DEPLOYMENT_TARGET = 10.12;
				MTL_ENABLE_DEBUG_INFO = YES;
				ONLY_ACTIVE_ARCH = YES;
				SDKROOT = macosx;
				SWIFT_ACTIVE_COMPILATION_CONDITIONS = DEBUG;
				SWIFT_OPTIMIZATION_LEVEL = "-Onone";
			};
			name = Debug;
		};
		D4C179461E72CE5D007419B9 /* Release */ = {
			isa = XCBuildConfiguration;
			buildSettings = {
				ALWAYS_SEARCH_USER_PATHS = NO;
				CLANG_ANALYZER_NONNULL = YES;
				CLANG_CXX_LANGUAGE_STANDARD = "gnu++0x";
				CLANG_CXX_LIBRARY = "libc++";
				CLANG_ENABLE_MODULES = YES;
				CLANG_ENABLE_OBJC_ARC = YES;
				CLANG_WARN_BOOL_CONVERSION = YES;
				CLANG_WARN_CONSTANT_CONVERSION = YES;
				CLANG_WARN_DIRECT_OBJC_ISA_USAGE = YES_ERROR;
				CLANG_WARN_DOCUMENTATION_COMMENTS = YES;
				CLANG_WARN_EMPTY_BODY = YES;
				CLANG_WARN_ENUM_CONVERSION = YES;
				CLANG_WARN_INFINITE_RECURSION = YES;
				CLANG_WARN_INT_CONVERSION = YES;
				CLANG_WARN_OBJC_ROOT_CLASS = YES_ERROR;
				CLANG_WARN_SUSPICIOUS_MOVE = YES;
				CLANG_WARN_UNREACHABLE_CODE = YES;
				CLANG_WARN__DUPLICATE_METHOD_MATCH = YES;
				CODE_SIGN_IDENTITY = "-";
				COPY_PHASE_STRIP = NO;
				DEBUG_INFORMATION_FORMAT = "dwarf-with-dsym";
				ENABLE_NS_ASSERTIONS = NO;
				ENABLE_STRICT_OBJC_MSGSEND = YES;
				GCC_C_LANGUAGE_STANDARD = gnu99;
				GCC_NO_COMMON_BLOCKS = YES;
				GCC_WARN_64_TO_32_BIT_CONVERSION = YES;
				GCC_WARN_ABOUT_RETURN_TYPE = YES_ERROR;
				GCC_WARN_UNDECLARED_SELECTOR = YES;
				GCC_WARN_UNINITIALIZED_AUTOS = YES_AGGRESSIVE;
				GCC_WARN_UNUSED_FUNCTION = YES;
				GCC_WARN_UNUSED_VARIABLE = YES;
				MACOSX_DEPLOYMENT_TARGET = 10.12;
				MTL_ENABLE_DEBUG_INFO = NO;
				SDKROOT = macosx;
				SWIFT_OPTIMIZATION_LEVEL = "-Owholemodule";
			};
			name = Release;
		};
		D4C179481E72CE5D007419B9 /* Debug */ = {
			isa = XCBuildConfiguration;
			baseConfigurationReference = 57A9BB018F735630B55CBCCB /* Pods-SwiftQR.debug.xcconfig */;
			buildSettings = {
				ASSETCATALOG_COMPILER_APPICON_NAME = AppIcon;
				COMBINE_HIDPI_IMAGES = YES;
				DEVELOPMENT_TEAM = 47A7JUUJ9E;
				INFOPLIST_FILE = SwiftQR/Info.plist;
				LD_RUNPATH_SEARCH_PATHS = "$(inherited) @executable_path/../Frameworks";
				PRODUCT_BUNDLE_IDENTIFIER = "--.SwiftQR";
				PRODUCT_NAME = "$(TARGET_NAME)";
				SWIFT_OBJC_BRIDGING_HEADER = "SwiftQR/SwiftQR-Bridging-Header.h";
				SWIFT_VERSION = 3.0;
			};
			name = Debug;
		};
		D4C179491E72CE5D007419B9 /* Release */ = {
			isa = XCBuildConfiguration;
			baseConfigurationReference = 063FD078CDB64F20CA46464A /* Pods-SwiftQR.release.xcconfig */;
			buildSettings = {
				ASSETCATALOG_COMPILER_APPICON_NAME = AppIcon;
				COMBINE_HIDPI_IMAGES = YES;
				DEVELOPMENT_TEAM = 47A7JUUJ9E;
				INFOPLIST_FILE = SwiftQR/Info.plist;
				LD_RUNPATH_SEARCH_PATHS = "$(inherited) @executable_path/../Frameworks";
				PRODUCT_BUNDLE_IDENTIFIER = "--.SwiftQR";
				PRODUCT_NAME = "$(TARGET_NAME)";
				SWIFT_OBJC_BRIDGING_HEADER = "SwiftQR/SwiftQR-Bridging-Header.h";
				SWIFT_VERSION = 3.0;
			};
			name = Release;
		};
/* End XCBuildConfiguration section */

/* Begin XCConfigurationList section */
		D4C179331E72CE5D007419B9 /* Build configuration list for PBXProject "SwiftQR" */ = {
			isa = XCConfigurationList;
			buildConfigurations = (
				D4C179451E72CE5D007419B9 /* Debug */,
				D4C179461E72CE5D007419B9 /* Release */,
			);
			defaultConfigurationIsVisible = 0;
			defaultConfigurationName = Release;
		};
		D4C179471E72CE5D007419B9 /* Build configuration list for PBXNativeTarget "SwiftQR" */ = {
			isa = XCConfigurationList;
			buildConfigurations = (
				D4C179481E72CE5D007419B9 /* Debug */,
				D4C179491E72CE5D007419B9 /* Release */,
			);
			defaultConfigurationIsVisible = 0;
			defaultConfigurationName = Release;
		};
/* End XCConfigurationList section */
	};
	rootObject = D4C179301E72CE5D007419B9 /* Project object */;
}
